# This file was autogenerated by Stack.
# You should not edit this file by hand.
# For more information, please see the documentation at:
#   https://docs.haskellstack.org/en/stable/topics/lock_files

packages:
- completed:
    hackage: unbound-generics-0.4.4@sha256:f7fc93641d5043db8938a5e77f463afa7c473edca3ef26097d4b6f98d45e255c,5521
    pantry-tree:
      sha256: 0f4e625ef42ebec6078ed94b7c539269bfe51ef148c91fa8803afff884ca24d7
      size: 3267
  original:
    hackage: unbound-generics-0.4.4
snapshots:
- completed:
    sha256: 2e84de3088a8643c3743210ec31c50b2aeccf5fb085042d2e43e3ef700e7a2cd
    size: 732461
    url: https://raw.githubusercontent.com/commercialhaskell/stackage-snapshots/master/lts/24/46.yaml
  original: lts-24.46
